Microsoft Visual Studio Solution File, Format Version 12.00
# Visual Studio 2013
Project("{8BC9CEB8-8B4A-11D0-8D11-00A0C91BC942}") = "ALL_BUILD", "ALL_BUILD.vcxproj", "{81DFB090-3500-3ABC-9BB2-D22099CDE831}"
	ProjectSection(ProjectDependencies) = postProject
		{34D67D7A-8F53-31F8-893C-FFF165F2FDB3} = {34D67D7A-8F53-31F8-893C-FFF165F2FDB3}
		{351E5377-BC53-3C69-8BE5-CE16BBE71F26} = {351E5377-BC53-3C69-8BE5-CE16BBE71F26}
		{E951F03C-D3C0-39C3-9D64-BC3AAAF5121F} = {E951F03C-D3C0-39C3-9D64-BC3AAAF5121F}
		{9B6937E2-83B4-313C-8326-8CBA164F3A1D} = {9B6937E2-83B4-313C-8326-8CBA164F3A1D}
		{376DFABA-41D9-3900-BC41-8148FD78B1C3} = {376DFABA-41D9-3900-BC41-8148FD78B1C3}
	EndProjectSection
EndProject
Project("{8BC9CEB8-8B4A-11D0-8D11-00A0C91BC942}") = "Core", "src\core\Core.vcxproj", "{34D67D7A-8F53-31F8-893C-FFF165F2FDB3}"
	ProjectSection(ProjectDependencies) = postProject
		{376DFABA-41D9-3900-BC41-8148FD78B1C3} = {376DFABA-41D9-3900-BC41-8148FD78B1C3}
	EndProjectSection
EndProject
Project("{8BC9CEB8-8B4A-11D0-8D11-00A0C91BC942}") = "INSTALL", "INSTALL.vcxproj", "{D96527D7-73DA-3172-ADA6-32EFACE9C9C3}"
	ProjectSection(ProjectDependencies) = postProject
		{81DFB090-3500-3ABC-9BB2-D22099CDE831} = {81DFB090-3500-3ABC-9BB2-D22099CDE831}
		{376DFABA-41D9-3900-BC41-8148FD78B1C3} = {376DFABA-41D9-3900-BC41-8148FD78B1C3}
	EndProjectSection
EndProject
Project("{8BC9CEB8-8B4A-11D0-8D11-00A0C91BC942}") = "Qml", "src\qml\Qml.vcxproj", "{351E5377-BC53-3C69-8BE5-CE16BBE71F26}"
	ProjectSection(ProjectDependencies) = postProject
		{34D67D7A-8F53-31F8-893C-FFF165F2FDB3} = {34D67D7A-8F53-31F8-893C-FFF165F2FDB3}
		{376DFABA-41D9-3900-BC41-8148FD78B1C3} = {376DFABA-41D9-3900-BC41-8148FD78B1C3}
	EndProjectSection
EndProject
Project("{8BC9CEB8-8B4A-11D0-8D11-00A0C91BC942}") = "VLC-Qt", "tests\VLC-Qt.vcxproj", "{E951F03C-D3C0-39C3-9D64-BC3AAAF5121F}"
	ProjectSection(ProjectDependencies) = postProject
		{34D67D7A-8F53-31F8-893C-FFF165F2FDB3} = {34D67D7A-8F53-31F8-893C-FFF165F2FDB3}
		{351E5377-BC53-3C69-8BE5-CE16BBE71F26} = {351E5377-BC53-3C69-8BE5-CE16BBE71F26}
		{0B957B6A-6510-3A4D-A29B-67058EC6A8A7} = {0B957B6A-6510-3A4D-A29B-67058EC6A8A7}
		{9B6937E2-83B4-313C-8326-8CBA164F3A1D} = {9B6937E2-83B4-313C-8326-8CBA164F3A1D}
		{376DFABA-41D9-3900-BC41-8148FD78B1C3} = {376DFABA-41D9-3900-BC41-8148FD78B1C3}
	EndProjectSection
EndProject
Project("{8BC9CEB8-8B4A-11D0-8D11-00A0C91BC942}") = "VLC-Qt_automoc", "tests\VLC-Qt_automoc.vcxproj", "{0B957B6A-6510-3A4D-A29B-67058EC6A8A7}"
	ProjectSection(ProjectDependencies) = postProject
		{376DFABA-41D9-3900-BC41-8148FD78B1C3} = {376DFABA-41D9-3900-BC41-8148FD78B1C3}
	EndProjectSection
EndProject
Project("{8BC9CEB8-8B4A-11D0-8D11-00A0C91BC942}") = "Widgets", "src\widgets\Widgets.vcxproj", "{9B6937E2-83B4-313C-8326-8CBA164F3A1D}"
	ProjectSection(ProjectDependencies) = postProject
		{34D67D7A-8F53-31F8-893C-FFF165F2FDB3} = {34D67D7A-8F53-31F8-893C-FFF165F2FDB3}
		{376DFABA-41D9-3900-BC41-8148FD78B1C3} = {376DFABA-41D9-3900-BC41-8148FD78B1C3}
	EndProjectSection
EndProject
Project("{8BC9CEB8-8B4A-11D0-8D11-00A0C91BC942}") = "ZERO_CHECK", "ZERO_CHECK.vcxproj", "{376DFABA-41D9-3900-BC41-8148FD78B1C3}"
	ProjectSection(ProjectDependencies) = postProject
	EndProjectSection
EndProject
Project("{8BC9CEB8-8B4A-11D0-8D11-00A0C91BC942}") = "uninstall", "uninstall.vcxproj", "{28547A9B-C694-3263-9CF3-0A2B135D6CF4}"
	ProjectSection(ProjectDependencies) = postProject
		{376DFABA-41D9-3900-BC41-8148FD78B1C3} = {376DFABA-41D9-3900-BC41-8148FD78B1C3}
	EndProjectSection
EndProject
Project("{8BC9CEB8-8B4A-11D0-8D11-00A0C91BC942}") = "windows", "windows.vcxproj", "{753AEEF9-6AB2-3DC5-9501-0156248B7149}"
	ProjectSection(ProjectDependencies) = postProject
		{376DFABA-41D9-3900-BC41-8148FD78B1C3} = {376DFABA-41D9-3900-BC41-8148FD78B1C3}
	EndProjectSection
EndProject
Global
	GlobalSection(SolutionConfigurationPlatforms) = preSolution
		Debug|x64 = Debug|x64
		Release|x64 = Release|x64
		MinSizeRel|x64 = MinSizeRel|x64
		RelWithDebInfo|x64 = RelWithDebInfo|x64
	EndGlobalSection
	GlobalSection(ProjectConfigurationPlatforms) = postSolution
		{81DFB090-3500-3ABC-9BB2-D22099CDE831}.Debug|x64.ActiveCfg = Debug|x64
		{81DFB090-3500-3ABC-9BB2-D22099CDE831}.Debug|x64.Build.0 = Debug|x64
		{81DFB090-3500-3ABC-9BB2-D22099CDE831}.Release|x64.ActiveCfg = Release|x64
		{81DFB090-3500-3ABC-9BB2-D22099CDE831}.Release|x64.Build.0 = Release|x64
		{81DFB090-3500-3ABC-9BB2-D22099CDE831}.MinSizeRel|x64.ActiveCfg = MinSizeRel|x64
		{81DFB090-3500-3ABC-9BB2-D22099CDE831}.MinSizeRel|x64.Build.0 = MinSizeRel|x64
		{81DFB090-3500-3ABC-9BB2-D22099CDE831}.RelWithDebInfo|x64.ActiveCfg = RelWithDebInfo|x64
		{81DFB090-3500-3ABC-9BB2-D22099CDE831}.RelWithDebInfo|x64.Build.0 = RelWithDebInfo|x64
		{34D67D7A-8F53-31F8-893C-FFF165F2FDB3}.Debug|x64.ActiveCfg = Debug|x64
		{34D67D7A-8F53-31F8-893C-FFF165F2FDB3}.Debug|x64.Build.0 = Debug|x64
		{34D67D7A-8F53-31F8-893C-FFF165F2FDB3}.Release|x64.ActiveCfg = Release|x64
		{34D67D7A-8F53-31F8-893C-FFF165F2FDB3}.Release|x64.Build.0 = Release|x64
		{34D67D7A-8F53-31F8-893C-FFF165F2FDB3}.MinSizeRel|x64.ActiveCfg = MinSizeRel|x64
		{34D67D7A-8F53-31F8-893C-FFF165F2FDB3}.MinSizeRel|x64.Build.0 = MinSizeRel|x64
		{34D67D7A-8F53-31F8-893C-FFF165F2FDB3}.RelWithDebInfo|x64.ActiveCfg = RelWithDebInfo|x64
		{34D67D7A-8F53-31F8-893C-FFF165F2FDB3}.RelWithDebInfo|x64.Build.0 = RelWithDebInfo|x64
		{D96527D7-73DA-3172-ADA6-32EFACE9C9C3}.Debug|x64.ActiveCfg = Debug|x64
		{D96527D7-73DA-3172-ADA6-32EFACE9C9C3}.Release|x64.ActiveCfg = Release|x64
		{D96527D7-73DA-3172-ADA6-32EFACE9C9C3}.MinSizeRel|x64.ActiveCfg = MinSizeRel|x64
		{D96527D7-73DA-3172-ADA6-32EFACE9C9C3}.RelWithDebInfo|x64.ActiveCfg = RelWithDebInfo|x64
		{351E5377-BC53-3C69-8BE5-CE16BBE71F26}.Debug|x64.ActiveCfg = Debug|x64
		{351E5377-BC53-3C69-8BE5-CE16BBE71F26}.Debug|x64.Build.0 = Debug|x64
		{351E5377-BC53-3C69-8BE5-CE16BBE71F26}.Release|x64.ActiveCfg = Release|x64
		{351E5377-BC53-3C69-8BE5-CE16BBE71F26}.Release|x64.Build.0 = Release|x64
		{351E5377-BC53-3C69-8BE5-CE16BBE71F26}.MinSizeRel|x64.ActiveCfg = MinSizeRel|x64
		{351E5377-BC53-3C69-8BE5-CE16BBE71F26}.MinSizeRel|x64.Build.0 = MinSizeRel|x64
		{351E5377-BC53-3C69-8BE5-CE16BBE71F26}.RelWithDebInfo|x64.ActiveCfg = RelWithDebInfo|x64
		{351E5377-BC53-3C69-8BE5-CE16BBE71F26}.RelWithDebInfo|x64.Build.0 = RelWithDebInfo|x64
		{E951F03C-D3C0-39C3-9D64-BC3AAAF5121F}.Debug|x64.ActiveCfg = Debug|x64
		{E951F03C-D3C0-39C3-9D64-BC3AAAF5121F}.Debug|x64.Build.0 = Debug|x64
		{E951F03C-D3C0-39C3-9D64-BC3AAAF5121F}.Release|x64.ActiveCfg = Release|x64
		{E951F03C-D3C0-39C3-9D64-BC3AAAF5121F}.Release|x64.Build.0 = Release|x64
		{E951F03C-D3C0-39C3-9D64-BC3AAAF5121F}.MinSizeRel|x64.ActiveCfg = MinSizeRel|x64
		{E951F03C-D3C0-39C3-9D64-BC3AAAF5121F}.MinSizeRel|x64.Build.0 = MinSizeRel|x64
		{E951F03C-D3C0-39C3-9D64-BC3AAAF5121F}.RelWithDebInfo|x64.ActiveCfg = RelWithDebInfo|x64
		{E951F03C-D3C0-39C3-9D64-BC3AAAF5121F}.RelWithDebInfo|x64.Build.0 = RelWithDebInfo|x64
		{0B957B6A-6510-3A4D-A29B-67058EC6A8A7}.Debug|x64.ActiveCfg = Debug|x64
		{0B957B6A-6510-3A4D-A29B-67058EC6A8A7}.Debug|x64.Build.0 = Debug|x64
		{0B957B6A-6510-3A4D-A29B-67058EC6A8A7}.Release|x64.ActiveCfg = Release|x64
		{0B957B6A-6510-3A4D-A29B-67058EC6A8A7}.Release|x64.Build.0 = Release|x64
		{0B957B6A-6510-3A4D-A29B-67058EC6A8A7}.MinSizeRel|x64.ActiveCfg = MinSizeRel|x64
		{0B957B6A-6510-3A4D-A29B-67058EC6A8A7}.MinSizeRel|x64.Build.0 = MinSizeRel|x64
		{0B957B6A-6510-3A4D-A29B-67058EC6A8A7}.RelWithDebInfo|x64.ActiveCfg = RelWithDebInfo|x64
		{0B957B6A-6510-3A4D-A29B-67058EC6A8A7}.RelWithDebInfo|x64.Build.0 = RelWithDebInfo|x64
		{9B6937E2-83B4-313C-8326-8CBA164F3A1D}.Debug|x64.ActiveCfg = Debug|x64
		{9B6937E2-83B4-313C-8326-8CBA164F3A1D}.Debug|x64.Build.0 = Debug|x64
		{9B6937E2-83B4-313C-8326-8CBA164F3A1D}.Release|x64.ActiveCfg = Release|x64
		{9B6937E2-83B4-313C-8326-8CBA164F3A1D}.Release|x64.Build.0 = Release|x64
		{9B6937E2-83B4-313C-8326-8CBA164F3A1D}.MinSizeRel|x64.ActiveCfg = MinSizeRel|x64
		{9B6937E2-83B4-313C-8326-8CBA164F3A1D}.MinSizeRel|x64.Build.0 = MinSizeRel|x64
		{9B6937E2-83B4-313C-8326-8CBA164F3A1D}.RelWithDebInfo|x64.ActiveCfg = RelWithDebInfo|x64
		{9B6937E2-83B4-313C-8326-8CBA164F3A1D}.RelWithDebInfo|x64.Build.0 = RelWithDebInfo|x64
		{376DFABA-41D9-3900-BC41-8148FD78B1C3}.Debug|x64.ActiveCfg = Debug|x64
		{376DFABA-41D9-3900-BC41-8148FD78B1C3}.Debug|x64.Build.0 = Debug|x64
		{376DFABA-41D9-3900-BC41-8148FD78B1C3}.Release|x64.ActiveCfg = Release|x64
		{376DFABA-41D9-3900-BC41-8148FD78B1C3}.Release|x64.Build.0 = Release|x64
		{376DFABA-41D9-3900-BC41-8148FD78B1C3}.MinSizeRel|x64.ActiveCfg = MinSizeRel|x64
		{376DFABA-41D9-3900-BC41-8148FD78B1C3}.MinSizeRel|x64.Build.0 = MinSizeRel|x64
		{376DFABA-41D9-3900-BC41-8148FD78B1C3}.RelWithDebInfo|x64.ActiveCfg = RelWithDebInfo|x64
		{376DFABA-41D9-3900-BC41-8148FD78B1C3}.RelWithDebInfo|x64.Build.0 = RelWithDebInfo|x64
		{28547A9B-C694-3263-9CF3-0A2B135D6CF4}.Debug|x64.ActiveCfg = Debug|x64
		{28547A9B-C694-3263-9CF3-0A2B135D6CF4}.Release|x64.ActiveCfg = Release|x64
		{28547A9B-C694-3263-9CF3-0A2B135D6CF4}.MinSizeRel|x64.ActiveCfg = MinSizeRel|x64
		{28547A9B-C694-3263-9CF3-0A2B135D6CF4}.RelWithDebInfo|x64.ActiveCfg = RelWithDebInfo|x64
		{753AEEF9-6AB2-3DC5-9501-0156248B7149}.Debug|x64.ActiveCfg = Debug|x64
		{753AEEF9-6AB2-3DC5-9501-0156248B7149}.Release|x64.ActiveCfg = Release|x64
		{753AEEF9-6AB2-3DC5-9501-0156248B7149}.MinSizeRel|x64.ActiveCfg = MinSizeRel|x64
		{753AEEF9-6AB2-3DC5-9501-0156248B7149}.RelWithDebInfo|x64.ActiveCfg = RelWithDebInfo|x64
	EndGlobalSection
	GlobalSection(ExtensibilityGlobals) = postSolution
	EndGlobalSection
	GlobalSection(ExtensibilityAddIns) = postSolution
	EndGlobalSection
EndGlobal
