Microsoft Visual Studio Solution File, Format Version 12.00
# Visual Studio 2013
Project("{8BC9CEB8-8B4A-11D0-8D11-00A0C91BC942}") = "ALL_BUILD", "ALL_BUILD.vcxproj", "{FA102100-CD9B-37E5-A356-4233EB6CAB11}"
	ProjectSection(ProjectDependencies) = postProject
		{7AFE3EDA-2C23-3837-B432-A52D17B73799} = {7AFE3EDA-2C23-3837-B432-A52D17B73799}
		{0A804BED-6301-3327-894D-904C6847CB1C} = {0A804BED-6301-3327-894D-904C6847CB1C}
		{089DCF69-DA88-36AB-808C-2177311E2C24} = {089DCF69-DA88-36AB-808C-2177311E2C24}
		{CDCDE53E-8F40-3797-B9F0-6CE8D08F9390} = {CDCDE53E-8F40-3797-B9F0-6CE8D08F9390}
		{269C5B27-9B75-303D-B3AB-C0217CFC1B84} = {269C5B27-9B75-303D-B3AB-C0217CFC1B84}
	EndProjectSection
EndProject
Project("{8BC9CEB8-8B4A-11D0-8D11-00A0C91BC942}") = "Core", "src\core\Core.vcxproj", "{7AFE3EDA-2C23-3837-B432-A52D17B73799}"
	ProjectSection(ProjectDependencies) = postProject
		{269C5B27-9B75-303D-B3AB-C0217CFC1B84} = {269C5B27-9B75-303D-B3AB-C0217CFC1B84}
	EndProjectSection
EndProject
Project("{8BC9CEB8-8B4A-11D0-8D11-00A0C91BC942}") = "INSTALL", "INSTALL.vcxproj", "{EE0D9DDD-E743-3547-B596-0B216BF19048}"
	ProjectSection(ProjectDependencies) = postProject
		{FA102100-CD9B-37E5-A356-4233EB6CAB11} = {FA102100-CD9B-37E5-A356-4233EB6CAB11}
		{269C5B27-9B75-303D-B3AB-C0217CFC1B84} = {269C5B27-9B75-303D-B3AB-C0217CFC1B84}
	EndProjectSection
EndProject
Project("{8BC9CEB8-8B4A-11D0-8D11-00A0C91BC942}") = "Qml", "src\qml\Qml.vcxproj", "{0A804BED-6301-3327-894D-904C6847CB1C}"
	ProjectSection(ProjectDependencies) = postProject
		{7AFE3EDA-2C23-3837-B432-A52D17B73799} = {7AFE3EDA-2C23-3837-B432-A52D17B73799}
		{269C5B27-9B75-303D-B3AB-C0217CFC1B84} = {269C5B27-9B75-303D-B3AB-C0217CFC1B84}
	EndProjectSection
EndProject
Project("{8BC9CEB8-8B4A-11D0-8D11-00A0C91BC942}") = "VLC-Qt", "tests\VLC-Qt.vcxproj", "{089DCF69-DA88-36AB-808C-2177311E2C24}"
	ProjectSection(ProjectDependencies) = postProject
		{7AFE3EDA-2C23-3837-B432-A52D17B73799} = {7AFE3EDA-2C23-3837-B432-A52D17B73799}
		{0A804BED-6301-3327-894D-904C6847CB1C} = {0A804BED-6301-3327-894D-904C6847CB1C}
		{577C912C-9C67-342A-A756-7B2A9ED17189} = {577C912C-9C67-342A-A756-7B2A9ED17189}
		{CDCDE53E-8F40-3797-B9F0-6CE8D08F9390} = {CDCDE53E-8F40-3797-B9F0-6CE8D08F9390}
		{269C5B27-9B75-303D-B3AB-C0217CFC1B84} = {269C5B27-9B75-303D-B3AB-C0217CFC1B84}
	EndProjectSection
EndProject
Project("{8BC9CEB8-8B4A-11D0-8D11-00A0C91BC942}") = "VLC-Qt_automoc", "tests\VLC-Qt_automoc.vcxproj", "{577C912C-9C67-342A-A756-7B2A9ED17189}"
	ProjectSection(ProjectDependencies) = postProject
		{269C5B27-9B75-303D-B3AB-C0217CFC1B84} = {269C5B27-9B75-303D-B3AB-C0217CFC1B84}
	EndProjectSection
EndProject
Project("{8BC9CEB8-8B4A-11D0-8D11-00A0C91BC942}") = "Widgets", "src\widgets\Widgets.vcxproj", "{CDCDE53E-8F40-3797-B9F0-6CE8D08F9390}"
	ProjectSection(ProjectDependencies) = postProject
		{7AFE3EDA-2C23-3837-B432-A52D17B73799} = {7AFE3EDA-2C23-3837-B432-A52D17B73799}
		{269C5B27-9B75-303D-B3AB-C0217CFC1B84} = {269C5B27-9B75-303D-B3AB-C0217CFC1B84}
	EndProjectSection
EndProject
Project("{8BC9CEB8-8B4A-11D0-8D11-00A0C91BC942}") = "ZERO_CHECK", "ZERO_CHECK.vcxproj", "{269C5B27-9B75-303D-B3AB-C0217CFC1B84}"
	ProjectSection(ProjectDependencies) = postProject
	EndProjectSection
EndProject
Project("{8BC9CEB8-8B4A-11D0-8D11-00A0C91BC942}") = "uninstall", "uninstall.vcxproj", "{8B7DD96E-61D2-3630-AA4A-059FA8A34E92}"
	ProjectSection(ProjectDependencies) = postProject
		{269C5B27-9B75-303D-B3AB-C0217CFC1B84} = {269C5B27-9B75-303D-B3AB-C0217CFC1B84}
	EndProjectSection
EndProject
Project("{8BC9CEB8-8B4A-11D0-8D11-00A0C91BC942}") = "windows", "windows.vcxproj", "{17D8EF09-7DDE-32E3-AB12-EEDAF18848D8}"
	ProjectSection(ProjectDependencies) = postProject
		{269C5B27-9B75-303D-B3AB-C0217CFC1B84} = {269C5B27-9B75-303D-B3AB-C0217CFC1B84}
	EndProjectSection
EndProject
Global
	GlobalSection(SolutionConfigurationPlatforms) = preSolution
		Debug|x64 = Debug|x64
		Release|x64 = Release|x64
		MinSizeRel|x64 = MinSizeRel|x64
		RelWithDebInfo|x64 = RelWithDebInfo|x64
	EndGlobalSection
	GlobalSection(ProjectConfigurationPlatforms) = postSolution
		{FA102100-CD9B-37E5-A356-4233EB6CAB11}.Debug|x64.ActiveCfg = Debug|x64
		{FA102100-CD9B-37E5-A356-4233EB6CAB11}.Debug|x64.Build.0 = Debug|x64
		{FA102100-CD9B-37E5-A356-4233EB6CAB11}.Release|x64.ActiveCfg = Release|x64
		{FA102100-CD9B-37E5-A356-4233EB6CAB11}.Release|x64.Build.0 = Release|x64
		{FA102100-CD9B-37E5-A356-4233EB6CAB11}.MinSizeRel|x64.ActiveCfg = MinSizeRel|x64
		{FA102100-CD9B-37E5-A356-4233EB6CAB11}.MinSizeRel|x64.Build.0 = MinSizeRel|x64
		{FA102100-CD9B-37E5-A356-4233EB6CAB11}.RelWithDebInfo|x64.ActiveCfg = RelWithDebInfo|x64
		{FA102100-CD9B-37E5-A356-4233EB6CAB11}.RelWithDebInfo|x64.Build.0 = RelWithDebInfo|x64
		{7AFE3EDA-2C23-3837-B432-A52D17B73799}.Debug|x64.ActiveCfg = Debug|x64
		{7AFE3EDA-2C23-3837-B432-A52D17B73799}.Debug|x64.Build.0 = Debug|x64
		{7AFE3EDA-2C23-3837-B432-A52D17B73799}.Release|x64.ActiveCfg = Release|x64
		{7AFE3EDA-2C23-3837-B432-A52D17B73799}.Release|x64.Build.0 = Release|x64
		{7AFE3EDA-2C23-3837-B432-A52D17B73799}.MinSizeRel|x64.ActiveCfg = MinSizeRel|x64
		{7AFE3EDA-2C23-3837-B432-A52D17B73799}.MinSizeRel|x64.Build.0 = MinSizeRel|x64
		{7AFE3EDA-2C23-3837-B432-A52D17B73799}.RelWithDebInfo|x64.ActiveCfg = RelWithDebInfo|x64
		{7AFE3EDA-2C23-3837-B432-A52D17B73799}.RelWithDebInfo|x64.Build.0 = RelWithDebInfo|x64
		{EE0D9DDD-E743-3547-B596-0B216BF19048}.Debug|x64.ActiveCfg = Debug|x64
		{EE0D9DDD-E743-3547-B596-0B216BF19048}.Release|x64.ActiveCfg = Release|x64
		{EE0D9DDD-E743-3547-B596-0B216BF19048}.MinSizeRel|x64.ActiveCfg = MinSizeRel|x64
		{EE0D9DDD-E743-3547-B596-0B216BF19048}.RelWithDebInfo|x64.ActiveCfg = RelWithDebInfo|x64
		{0A804BED-6301-3327-894D-904C6847CB1C}.Debug|x64.ActiveCfg = Debug|x64
		{0A804BED-6301-3327-894D-904C6847CB1C}.Debug|x64.Build.0 = Debug|x64
		{0A804BED-6301-3327-894D-904C6847CB1C}.Release|x64.ActiveCfg = Release|x64
		{0A804BED-6301-3327-894D-904C6847CB1C}.Release|x64.Build.0 = Release|x64
		{0A804BED-6301-3327-894D-904C6847CB1C}.MinSizeRel|x64.ActiveCfg = MinSizeRel|x64
		{0A804BED-6301-3327-894D-904C6847CB1C}.MinSizeRel|x64.Build.0 = MinSizeRel|x64
		{0A804BED-6301-3327-894D-904C6847CB1C}.RelWithDebInfo|x64.ActiveCfg = RelWithDebInfo|x64
		{0A804BED-6301-3327-894D-904C6847CB1C}.RelWithDebInfo|x64.Build.0 = RelWithDebInfo|x64
		{089DCF69-DA88-36AB-808C-2177311E2C24}.Debug|x64.ActiveCfg = Debug|x64
		{089DCF69-DA88-36AB-808C-2177311E2C24}.Debug|x64.Build.0 = Debug|x64
		{089DCF69-DA88-36AB-808C-2177311E2C24}.Release|x64.ActiveCfg = Release|x64
		{089DCF69-DA88-36AB-808C-2177311E2C24}.Release|x64.Build.0 = Release|x64
		{089DCF69-DA88-36AB-808C-2177311E2C24}.MinSizeRel|x64.ActiveCfg = MinSizeRel|x64
		{089DCF69-DA88-36AB-808C-2177311E2C24}.MinSizeRel|x64.Build.0 = MinSizeRel|x64
		{089DCF69-DA88-36AB-808C-2177311E2C24}.RelWithDebInfo|x64.ActiveCfg = RelWithDebInfo|x64
		{089DCF69-DA88-36AB-808C-2177311E2C24}.RelWithDebInfo|x64.Build.0 = RelWithDebInfo|x64
		{577C912C-9C67-342A-A756-7B2A9ED17189}.Debug|x64.ActiveCfg = Debug|x64
		{577C912C-9C67-342A-A756-7B2A9ED17189}.Debug|x64.Build.0 = Debug|x64
		{577C912C-9C67-342A-A756-7B2A9ED17189}.Release|x64.ActiveCfg = Release|x64
		{577C912C-9C67-342A-A756-7B2A9ED17189}.Release|x64.Build.0 = Release|x64
		{577C912C-9C67-342A-A756-7B2A9ED17189}.MinSizeRel|x64.ActiveCfg = MinSizeRel|x64
		{577C912C-9C67-342A-A756-7B2A9ED17189}.MinSizeRel|x64.Build.0 = MinSizeRel|x64
		{577C912C-9C67-342A-A756-7B2A9ED17189}.RelWithDebInfo|x64.ActiveCfg = RelWithDebInfo|x64
		{577C912C-9C67-342A-A756-7B2A9ED17189}.RelWithDebInfo|x64.Build.0 = RelWithDebInfo|x64
		{CDCDE53E-8F40-3797-B9F0-6CE8D08F9390}.Debug|x64.ActiveCfg = Debug|x64
		{CDCDE53E-8F40-3797-B9F0-6CE8D08F9390}.Debug|x64.Build.0 = Debug|x64
		{CDCDE53E-8F40-3797-B9F0-6CE8D08F9390}.Release|x64.ActiveCfg = Release|x64
		{CDCDE53E-8F40-3797-B9F0-6CE8D08F9390}.Release|x64.Build.0 = Release|x64
		{CDCDE53E-8F40-3797-B9F0-6CE8D08F9390}.MinSizeRel|x64.ActiveCfg = MinSizeRel|x64
		{CDCDE53E-8F40-3797-B9F0-6CE8D08F9390}.MinSizeRel|x64.Build.0 = MinSizeRel|x64
		{CDCDE53E-8F40-3797-B9F0-6CE8D08F9390}.RelWithDebInfo|x64.ActiveCfg = RelWithDebInfo|x64
		{CDCDE53E-8F40-3797-B9F0-6CE8D08F9390}.RelWithDebInfo|x64.Build.0 = RelWithDebInfo|x64
		{269C5B27-9B75-303D-B3AB-C0217CFC1B84}.Debug|x64.ActiveCfg = Debug|x64
		{269C5B27-9B75-303D-B3AB-C0217CFC1B84}.Debug|x64.Build.0 = Debug|x64
		{269C5B27-9B75-303D-B3AB-C0217CFC1B84}.Release|x64.ActiveCfg = Release|x64
		{269C5B27-9B75-303D-B3AB-C0217CFC1B84}.Release|x64.Build.0 = Release|x64
		{269C5B27-9B75-303D-B3AB-C0217CFC1B84}.MinSizeRel|x64.ActiveCfg = MinSizeRel|x64
		{269C5B27-9B75-303D-B3AB-C0217CFC1B84}.MinSizeRel|x64.Build.0 = MinSizeRel|x64
		{269C5B27-9B75-303D-B3AB-C0217CFC1B84}.RelWithDebInfo|x64.ActiveCfg = RelWithDebInfo|x64
		{269C5B27-9B75-303D-B3AB-C0217CFC1B84}.RelWithDebInfo|x64.Build.0 = RelWithDebInfo|x64
		{8B7DD96E-61D2-3630-AA4A-059FA8A34E92}.Debug|x64.ActiveCfg = Debug|x64
		{8B7DD96E-61D2-3630-AA4A-059FA8A34E92}.Release|x64.ActiveCfg = Release|x64
		{8B7DD96E-61D2-3630-AA4A-059FA8A34E92}.MinSizeRel|x64.ActiveCfg = MinSizeRel|x64
		{8B7DD96E-61D2-3630-AA4A-059FA8A34E92}.RelWithDebInfo|x64.ActiveCfg = RelWithDebInfo|x64
		{17D8EF09-7DDE-32E3-AB12-EEDAF18848D8}.Debug|x64.ActiveCfg = Debug|x64
		{17D8EF09-7DDE-32E3-AB12-EEDAF18848D8}.Release|x64.ActiveCfg = Release|x64
		{17D8EF09-7DDE-32E3-AB12-EEDAF18848D8}.MinSizeRel|x64.ActiveCfg = MinSizeRel|x64
		{17D8EF09-7DDE-32E3-AB12-EEDAF18848D8}.RelWithDebInfo|x64.ActiveCfg = RelWithDebInfo|x64
	EndGlobalSection
	GlobalSection(ExtensibilityGlobals) = postSolution
	EndGlobalSection
	GlobalSection(ExtensibilityAddIns) = postSolution
	EndGlobalSection
EndGlobal
