<?xml version="1.0" encoding="UTF-8"?>
<Project ToolsVersion="12.0" xmlns="http://schemas.microsoft.com/developer/msbuild/2003">
  <ItemGroup>
    <ClCompile Include="C:\Users\gas\Documents\QtCameraControl\third-party_libs\vlc-qt\src\core\Audio.cpp">
      <Filter>Source Files</Filter>
    </ClCompile>
    <ClCompile Include="C:\Users\gas\Documents\QtCameraControl\third-party_libs\vlc-qt\src\core\Common.cpp">
      <Filter>Source Files</Filter>
    </ClCompile>
    <ClCompile Include="C:\Users\gas\Documents\QtCameraControl\third-party_libs\vlc-qt\src\core\Enums.cpp">
      <Filter>Source Files</Filter>
    </ClCompile>
    <ClCompile Include="C:\Users\gas\Documents\QtCameraControl\third-party_libs\vlc-qt\src\core\Error.cpp">
      <Filter>Source Files</Filter>
    </ClCompile>
    <ClCompile Include="C:\Users\gas\Documents\QtCameraControl\third-party_libs\vlc-qt\src\core\Instance.cpp">
      <Filter>Source Files</Filter>
    </ClCompile>
    <ClCompile Include="C:\Users\gas\Documents\QtCameraControl\third-party_libs\vlc-qt\src\core\Media.cpp">
      <Filter>Source Files</Filter>
    </ClCompile>
    <ClCompile Include="C:\Users\gas\Documents\QtCameraControl\third-party_libs\vlc-qt\src\core\MediaList.cpp">
      <Filter>Source Files</Filter>
    </ClCompile>
    <ClCompile Include="C:\Users\gas\Documents\QtCameraControl\third-party_libs\vlc-qt\src\core\MediaListPlayer.cpp">
      <Filter>Source Files</Filter>
    </ClCompile>
    <ClCompile Include="C:\Users\gas\Documents\QtCameraControl\third-party_libs\vlc-qt\src\core\MediaPlayer.cpp">
      <Filter>Source Files</Filter>
    </ClCompile>
    <ClCompile Include="C:\Users\gas\Documents\QtCameraControl\third-party_libs\vlc-qt\src\core\MetaManager.cpp">
      <Filter>Source Files</Filter>
    </ClCompile>
    <ClCompile Include="C:\Users\gas\Documents\QtCameraControl\third-party_libs\vlc-qt\src\core\ModuleDescription.cpp">
      <Filter>Source Files</Filter>
    </ClCompile>
    <ClCompile Include="C:\Users\gas\Documents\QtCameraControl\third-party_libs\vlc-qt\src\core\Video.cpp">
      <Filter>Source Files</Filter>
    </ClCompile>
    <ClCompile Include="C:\Users\gas\Documents\QtCameraControl\third-party_libs\vlc-qt\src\core\VideoMemoryStream.cpp">
      <Filter>Source Files</Filter>
    </ClCompile>
    <ClCompile Include="C:\Users\gas\Documents\QtCameraControl\third-party_libs\vlc-qt\src\core\VideoFrame.cpp">
      <Filter>Source Files</Filter>
    </ClCompile>
    <ClCompile Include="C:\Users\gas\Documents\QtCameraControl\third-party_libs\vlc-qt\src\core\Equalizer.cpp">
      <Filter>Source Files</Filter>
    </ClCompile>
    <ClCompile Include="C:\Users\gas\Documents\QtCameraControl\third-party_libs\vlc-qt\win-build\src\core\Core_automoc.cpp">
      <Filter>Source Files</Filter>
    </ClCompile>
  </ItemGroup>
  <ItemGroup>
    <ClInclude Include="C:\Users\gas\Documents\QtCameraControl\third-party_libs\vlc-qt\src\core\SharedExportCore.h">
      <Filter>Header Files</Filter>
    </ClInclude>
    <ClInclude Include="C:\Users\gas\Documents\QtCameraControl\third-party_libs\vlc-qt\src\core\Stats.h">
      <Filter>Header Files</Filter>
    </ClInclude>
    <ClInclude Include="C:\Users\gas\Documents\QtCameraControl\third-party_libs\vlc-qt\src\core\VideoDelegate.h">
      <Filter>Header Files</Filter>
    </ClInclude>
    <ClInclude Include="C:\Users\gas\Documents\QtCameraControl\third-party_libs\vlc-qt\src\core\Audio.h">
      <Filter>Header Files</Filter>
    </ClInclude>
    <ClInclude Include="C:\Users\gas\Documents\QtCameraControl\third-party_libs\vlc-qt\src\core\Common.h">
      <Filter>Header Files</Filter>
    </ClInclude>
    <ClInclude Include="C:\Users\gas\Documents\QtCameraControl\third-party_libs\vlc-qt\src\core\Enums.h">
      <Filter>Header Files</Filter>
    </ClInclude>
    <ClInclude Include="C:\Users\gas\Documents\QtCameraControl\third-party_libs\vlc-qt\src\core\Error.h">
      <Filter>Header Files</Filter>
    </ClInclude>
    <ClInclude Include="C:\Users\gas\Documents\QtCameraControl\third-party_libs\vlc-qt\src\core\Instance.h">
      <Filter>Header Files</Filter>
    </ClInclude>
    <ClInclude Include="C:\Users\gas\Documents\QtCameraControl\third-party_libs\vlc-qt\src\core\Media.h">
      <Filter>Header Files</Filter>
    </ClInclude>
    <ClInclude Include="C:\Users\gas\Documents\QtCameraControl\third-party_libs\vlc-qt\src\core\MediaList.h">
      <Filter>Header Files</Filter>
    </ClInclude>
    <ClInclude Include="C:\Users\gas\Documents\QtCameraControl\third-party_libs\vlc-qt\src\core\MediaListPlayer.h">
      <Filter>Header Files</Filter>
    </ClInclude>
    <ClInclude Include="C:\Users\gas\Documents\QtCameraControl\third-party_libs\vlc-qt\src\core\MediaPlayer.h">
      <Filter>Header Files</Filter>
    </ClInclude>
    <ClInclude Include="C:\Users\gas\Documents\QtCameraControl\third-party_libs\vlc-qt\src\core\MetaManager.h">
      <Filter>Header Files</Filter>
    </ClInclude>
    <ClInclude Include="C:\Users\gas\Documents\QtCameraControl\third-party_libs\vlc-qt\src\core\ModuleDescription.h">
      <Filter>Header Files</Filter>
    </ClInclude>
    <ClInclude Include="C:\Users\gas\Documents\QtCameraControl\third-party_libs\vlc-qt\src\core\Video.h">
      <Filter>Header Files</Filter>
    </ClInclude>
    <ClInclude Include="C:\Users\gas\Documents\QtCameraControl\third-party_libs\vlc-qt\src\core\VideoFrame.h">
      <Filter>Header Files</Filter>
    </ClInclude>
    <ClInclude Include="C:\Users\gas\Documents\QtCameraControl\third-party_libs\vlc-qt\src\core\VideoMemoryStream.h">
      <Filter>Header Files</Filter>
    </ClInclude>
    <ClInclude Include="C:\Users\gas\Documents\QtCameraControl\third-party_libs\vlc-qt\win-build\src\Config.h">
      <Filter>Header Files</Filter>
    </ClInclude>
    <ClInclude Include="C:\Users\gas\Documents\QtCameraControl\third-party_libs\vlc-qt\src\core\Equalizer.h">
      <Filter>Header Files</Filter>
    </ClInclude>
  </ItemGroup>
  <ItemGroup>
    <CustomBuild Include="C:\Users\gas\Documents\QtCameraControl\third-party_libs\vlc-qt\src\core\CMakeLists.txt" />
  </ItemGroup>
  <ItemGroup>
    <ResourceCompile Include="C:\Users\gas\Documents\QtCameraControl\third-party_libs\vlc-qt\win-build\platform\windows\core.rc">
      <Filter>Source Files</Filter>
    </ResourceCompile>
  </ItemGroup>
  <ItemGroup>
    <Filter Include="Source Files">
      <UniqueIdentifier>{977E89AE-41B5-3DF3-8197-D2C77A967D96}</UniqueIdentifier>
    </Filter>
    <Filter Include="Header Files">
      <UniqueIdentifier>{C271212A-C5EA-36C8-94AF-7F038A103505}</UniqueIdentifier>
    </Filter>
  </ItemGroup>
</Project>
