<?xml version="1.0" encoding="UTF-8"?>
<Project ToolsVersion="12.0" xmlns="http://schemas.microsoft.com/developer/msbuild/2003">
  <ItemGroup>
    <CustomBuild Include="C:\Users\gas\Documents\QtCameraControl\third-party_libs\vlc-qt\win-build\CMakeFiles\d32fa8dcdc48deaaf14108010e6ed53e\INSTALL_force.rule">
      <Filter>CMake Rules</Filter>
    </CustomBuild>
  </ItemGroup>
  <ItemGroup>
    <Filter Include="CMake Rules">
      <UniqueIdentifier>{A99A1360-910F-3275-97EC-E2AF58DD560D}</UniqueIdentifier>
    </Filter>
  </ItemGroup>
</Project>
