<?xml version="1.0" encoding="UTF-8"?>
<Project ToolsVersion="12.0" xmlns="http://schemas.microsoft.com/developer/msbuild/2003">
  <ItemGroup>
    <CustomBuild Include="C:\Users\gas\Documents\QtCameraControl\third-party_libs\vlc-qt\CMakeLists.txt" />
    <CustomBuild Include="C:\Users\gas\Documents\QtCameraControl\third-party_libs\vlc-qt\win-build-debug\CMakeFiles\b6c1002c01777e7106a7bbcf605424a4\uninstall.rule">
      <Filter>CMake Rules</Filter>
    </CustomBuild>
  </ItemGroup>
  <ItemGroup>
    <None Include="C:\Users\gas\Documents\QtCameraControl\third-party_libs\vlc-qt\win-build-debug\CMakeFiles\uninstall" />
  </ItemGroup>
  <ItemGroup>
    <Filter Include="CMake Rules">
      <UniqueIdentifier>{DDB92182-2A18-34F4-A250-657AC25BB7AA}</UniqueIdentifier>
    </Filter>
  </ItemGroup>
</Project>
