<?xml version="1.0" encoding="UTF-8"?>
<Project ToolsVersion="12.0" xmlns="http://schemas.microsoft.com/developer/msbuild/2003">
  <ItemGroup>
    <ClCompile Include="C:\Users\gas\Documents\QtCameraControl\third-party_libs\vlc-qt\src\widgets\ControlAudio.cpp">
      <Filter>Source Files</Filter>
    </ClCompile>
    <ClCompile Include="C:\Users\gas\Documents\QtCameraControl\third-party_libs\vlc-qt\src\widgets\ControlVideo.cpp">
      <Filter>Source Files</Filter>
    </ClCompile>
    <ClCompile Include="C:\Users\gas\Documents\QtCameraControl\third-party_libs\vlc-qt\src\widgets\WidgetSeek.cpp">
      <Filter>Source Files</Filter>
    </ClCompile>
    <ClCompile Include="C:\Users\gas\Documents\QtCameraControl\third-party_libs\vlc-qt\src\widgets\WidgetSeekProgress.cpp">
      <Filter>Source Files</Filter>
    </ClCompile>
    <ClCompile Include="C:\Users\gas\Documents\QtCameraControl\third-party_libs\vlc-qt\src\widgets\WidgetVideo.cpp">
      <Filter>Source Files</Filter>
    </ClCompile>
    <ClCompile Include="C:\Users\gas\Documents\QtCameraControl\third-party_libs\vlc-qt\src\widgets\WidgetVolumeSlider.cpp">
      <Filter>Source Files</Filter>
    </ClCompile>
    <ClCompile Include="C:\Users\gas\Documents\QtCameraControl\third-party_libs\vlc-qt\win-build-debug\src\widgets\Widgets_automoc.cpp">
      <Filter>Source Files</Filter>
    </ClCompile>
  </ItemGroup>
  <ItemGroup>
    <ClInclude Include="C:\Users\gas\Documents\QtCameraControl\third-party_libs\vlc-qt\src\widgets\SharedExportWidgets.h">
      <Filter>Header Files</Filter>
    </ClInclude>
    <ClInclude Include="C:\Users\gas\Documents\QtCameraControl\third-party_libs\vlc-qt\src\widgets\ControlAudio.h">
      <Filter>Header Files</Filter>
    </ClInclude>
    <ClInclude Include="C:\Users\gas\Documents\QtCameraControl\third-party_libs\vlc-qt\src\widgets\ControlVideo.h">
      <Filter>Header Files</Filter>
    </ClInclude>
    <ClInclude Include="C:\Users\gas\Documents\QtCameraControl\third-party_libs\vlc-qt\src\widgets\WidgetSeek.h">
      <Filter>Header Files</Filter>
    </ClInclude>
    <ClInclude Include="C:\Users\gas\Documents\QtCameraControl\third-party_libs\vlc-qt\src\widgets\WidgetSeekProgress.h">
      <Filter>Header Files</Filter>
    </ClInclude>
    <ClInclude Include="C:\Users\gas\Documents\QtCameraControl\third-party_libs\vlc-qt\src\widgets\WidgetVideo.h">
      <Filter>Header Files</Filter>
    </ClInclude>
    <ClInclude Include="C:\Users\gas\Documents\QtCameraControl\third-party_libs\vlc-qt\src\widgets\WidgetVolumeSlider.h">
      <Filter>Header Files</Filter>
    </ClInclude>
  </ItemGroup>
  <ItemGroup>
    <CustomBuild Include="C:\Users\gas\Documents\QtCameraControl\third-party_libs\vlc-qt\src\widgets\CMakeLists.txt" />
  </ItemGroup>
  <ItemGroup>
    <ResourceCompile Include="C:\Users\gas\Documents\QtCameraControl\third-party_libs\vlc-qt\win-build-debug\platform\windows\widgets.rc">
      <Filter>Source Files</Filter>
    </ResourceCompile>
  </ItemGroup>
  <ItemGroup>
    <Filter Include="Source Files">
      <UniqueIdentifier>{D264C10A-E716-38E0-BA5D-D5FC9E760A34}</UniqueIdentifier>
    </Filter>
    <Filter Include="Header Files">
      <UniqueIdentifier>{02B157C3-A337-37D4-8788-AABED48F2730}</UniqueIdentifier>
    </Filter>
  </ItemGroup>
</Project>
