<?xml version="1.0" encoding="UTF-8"?>
<Project ToolsVersion="12.0" xmlns="http://schemas.microsoft.com/developer/msbuild/2003">
  <ItemGroup>
    <ClCompile Include="C:\Users\gas\Documents\QtCameraControl\third-party_libs\vlc-qt\src\qml\QmlVideoObject.cpp">
      <Filter>Source Files</Filter>
    </ClCompile>
    <ClCompile Include="C:\Users\gas\Documents\QtCameraControl\third-party_libs\vlc-qt\src\qml\QmlVideoPlayer.cpp">
      <Filter>Source Files</Filter>
    </ClCompile>
    <ClCompile Include="C:\Users\gas\Documents\QtCameraControl\third-party_libs\vlc-qt\src\qml\painter\GlPainter.cpp">
      <Filter>Source Files</Filter>
    </ClCompile>
    <ClCompile Include="C:\Users\gas\Documents\QtCameraControl\third-party_libs\vlc-qt\src\qml\painter\GlslPainter.cpp">
      <Filter>Source Files</Filter>
    </ClCompile>
    <ClCompile Include="C:\Users\gas\Documents\QtCameraControl\third-party_libs\vlc-qt\win-build\src\qml\Qml_automoc.cpp">
      <Filter>Source Files</Filter>
    </ClCompile>
  </ItemGroup>
  <ItemGroup>
    <ClInclude Include="C:\Users\gas\Documents\QtCameraControl\third-party_libs\vlc-qt\src\qml\SharedExportQml.h">
      <Filter>Header Files</Filter>
    </ClInclude>
    <ClInclude Include="C:\Users\gas\Documents\QtCameraControl\third-party_libs\vlc-qt\src\qml\QmlVideoObject.h">
      <Filter>Header Files</Filter>
    </ClInclude>
    <ClInclude Include="C:\Users\gas\Documents\QtCameraControl\third-party_libs\vlc-qt\src\qml\QmlVideoPlayer.h">
      <Filter>Header Files</Filter>
    </ClInclude>
  </ItemGroup>
  <ItemGroup>
    <CustomBuild Include="C:\Users\gas\Documents\QtCameraControl\third-party_libs\vlc-qt\src\qml\CMakeLists.txt" />
  </ItemGroup>
  <ItemGroup>
    <ResourceCompile Include="C:\Users\gas\Documents\QtCameraControl\third-party_libs\vlc-qt\win-build\platform\windows\qml.rc">
      <Filter>Source Files</Filter>
    </ResourceCompile>
  </ItemGroup>
  <ItemGroup>
    <Filter Include="Source Files">
      <UniqueIdentifier>{977E89AE-41B5-3DF3-8197-D2C77A967D96}</UniqueIdentifier>
    </Filter>
    <Filter Include="Header Files">
      <UniqueIdentifier>{C271212A-C5EA-36C8-94AF-7F038A103505}</UniqueIdentifier>
    </Filter>
  </ItemGroup>
</Project>
